
Microsoft Visual Studio Solution File, Format Version 12.00
# Visual Studio Version 17
VisualStudioVersion = 17.2.32630.192
MinimumVisualStudioVersion = 10.0.40219.1
Project("{9A19103F-16F7-4668-BE54-9A1E7A4F7556}") = "Siemens.Sap.WebAPI", "Siemens.SAP.WebAPI\Siemens.Sap.WebAPI.csproj", "{CEC0A328-473F-4D3E-B617-0C865919EC79}"
EndProject
Project("{9A19103F-16F7-4668-BE54-9A1E7A4F7556}") = "Siemens.Sap.WebAPI.Common", "Siemens.Sap.WebAPI.Common\Siemens.Sap.WebAPI.Common.csproj", "{ACD0B297-3D6C-46C0-A19F-39F1B477EF89}"
EndProject
Project("{9A19103F-16F7-4668-BE54-9A1E7A4F7556}") = "TestOrderImport", "TestOrderImport\TestOrderImport.csproj", "{32993107-0FB5-498B-9B92-89C82252AC58}"
EndProject
Project("{9A19103F-16F7-4668-BE54-9A1E7A4F7556}") = "UnitTestSAPWebAPI", "UnitTestSAPWebAPI\UnitTestSAPWebAPI.csproj", "{69E79F7E-D18D-4E0F-BF94-DFB68ED98CA3}"
EndProject
Project("{9A19103F-16F7-4668-BE54-9A1E7A4F7556}") = "Siemens.Sap.ERPConnect.Utilities", "siemens.sap.erpconnect.utilities\Siemens.Sap.ERPConnect.Utilities\Siemens.Sap.ERPConnect.Utilities.csproj", "{7F492BEB-7D74-4842-AC3F-482C24867924}"
EndProject
Global
	GlobalSection(SolutionConfigurationPlatforms) = preSolution
		Debug|Any CPU = Debug|Any CPU
		Debug|x64 = Debug|x64
		Develope|Any CPU = Develope|Any CPU
		Develope|x64 = Develope|x64
		Release|Any CPU = Release|Any CPU
		Release|x64 = Release|x64
		Staging|Any CPU = Staging|Any CPU
		Staging|x64 = Staging|x64
	EndGlobalSection
	GlobalSection(ProjectConfigurationPlatforms) = postSolution
		{CEC0A328-473F-4D3E-B617-0C865919EC79}.Debug|Any CPU.ActiveCfg = Debug|Any CPU
		{CEC0A328-473F-4D3E-B617-0C865919EC79}.Debug|Any CPU.Build.0 = Debug|Any CPU
		{CEC0A328-473F-4D3E-B617-0C865919EC79}.Debug|x64.ActiveCfg = Debug|x64
		{CEC0A328-473F-4D3E-B617-0C865919EC79}.Debug|x64.Build.0 = Debug|x64
		{CEC0A328-473F-4D3E-B617-0C865919EC79}.Develope|Any CPU.ActiveCfg = Develope|Any CPU
		{CEC0A328-473F-4D3E-B617-0C865919EC79}.Develope|Any CPU.Build.0 = Develope|Any CPU
		{CEC0A328-473F-4D3E-B617-0C865919EC79}.Develope|x64.ActiveCfg = Develope|x64
		{CEC0A328-473F-4D3E-B617-0C865919EC79}.Develope|x64.Build.0 = Develope|x64
		{CEC0A328-473F-4D3E-B617-0C865919EC79}.Release|Any CPU.ActiveCfg = Release|Any CPU
		{CEC0A328-473F-4D3E-B617-0C865919EC79}.Release|Any CPU.Build.0 = Release|Any CPU
		{CEC0A328-473F-4D3E-B617-0C865919EC79}.Release|x64.ActiveCfg = Release|x64
		{CEC0A328-473F-4D3E-B617-0C865919EC79}.Release|x64.Build.0 = Release|x64
		{CEC0A328-473F-4D3E-B617-0C865919EC79}.Staging|Any CPU.ActiveCfg = Staging|Any CPU
		{CEC0A328-473F-4D3E-B617-0C865919EC79}.Staging|Any CPU.Build.0 = Staging|Any CPU
		{CEC0A328-473F-4D3E-B617-0C865919EC79}.Staging|x64.ActiveCfg = Staging|x64
		{CEC0A328-473F-4D3E-B617-0C865919EC79}.Staging|x64.Build.0 = Staging|x64
		{ACD0B297-3D6C-46C0-A19F-39F1B477EF89}.Debug|Any CPU.ActiveCfg = Debug|Any CPU
		{ACD0B297-3D6C-46C0-A19F-39F1B477EF89}.Debug|Any CPU.Build.0 = Debug|Any CPU
		{ACD0B297-3D6C-46C0-A19F-39F1B477EF89}.Debug|x64.ActiveCfg = Debug|x64
		{ACD0B297-3D6C-46C0-A19F-39F1B477EF89}.Debug|x64.Build.0 = Debug|x64
		{ACD0B297-3D6C-46C0-A19F-39F1B477EF89}.Develope|Any CPU.ActiveCfg = Develope|Any CPU
		{ACD0B297-3D6C-46C0-A19F-39F1B477EF89}.Develope|Any CPU.Build.0 = Develope|Any CPU
		{ACD0B297-3D6C-46C0-A19F-39F1B477EF89}.Develope|x64.ActiveCfg = Develope|x64
		{ACD0B297-3D6C-46C0-A19F-39F1B477EF89}.Develope|x64.Build.0 = Develope|x64
		{ACD0B297-3D6C-46C0-A19F-39F1B477EF89}.Release|Any CPU.ActiveCfg = Release|Any CPU
		{ACD0B297-3D6C-46C0-A19F-39F1B477EF89}.Release|Any CPU.Build.0 = Release|Any CPU
		{ACD0B297-3D6C-46C0-A19F-39F1B477EF89}.Release|x64.ActiveCfg = Release|x64
		{ACD0B297-3D6C-46C0-A19F-39F1B477EF89}.Release|x64.Build.0 = Release|x64
		{ACD0B297-3D6C-46C0-A19F-39F1B477EF89}.Staging|Any CPU.ActiveCfg = Staging|Any CPU
		{ACD0B297-3D6C-46C0-A19F-39F1B477EF89}.Staging|Any CPU.Build.0 = Staging|Any CPU
		{ACD0B297-3D6C-46C0-A19F-39F1B477EF89}.Staging|x64.ActiveCfg = Staging|x64
		{ACD0B297-3D6C-46C0-A19F-39F1B477EF89}.Staging|x64.Build.0 = Staging|x64
		{32993107-0FB5-498B-9B92-89C82252AC58}.Debug|Any CPU.ActiveCfg = Debug|Any CPU
		{32993107-0FB5-498B-9B92-89C82252AC58}.Debug|Any CPU.Build.0 = Debug|Any CPU
		{32993107-0FB5-498B-9B92-89C82252AC58}.Debug|x64.ActiveCfg = Debug|x64
		{32993107-0FB5-498B-9B92-89C82252AC58}.Debug|x64.Build.0 = Debug|x64
		{32993107-0FB5-498B-9B92-89C82252AC58}.Develope|Any CPU.ActiveCfg = Develope|Any CPU
		{32993107-0FB5-498B-9B92-89C82252AC58}.Develope|Any CPU.Build.0 = Develope|Any CPU
		{32993107-0FB5-498B-9B92-89C82252AC58}.Develope|x64.ActiveCfg = Develope|x64
		{32993107-0FB5-498B-9B92-89C82252AC58}.Develope|x64.Build.0 = Develope|x64
		{32993107-0FB5-498B-9B92-89C82252AC58}.Release|Any CPU.ActiveCfg = Release|Any CPU
		{32993107-0FB5-498B-9B92-89C82252AC58}.Release|Any CPU.Build.0 = Release|Any CPU
		{32993107-0FB5-498B-9B92-89C82252AC58}.Release|x64.ActiveCfg = Release|x64
		{32993107-0FB5-498B-9B92-89C82252AC58}.Release|x64.Build.0 = Release|x64
		{32993107-0FB5-498B-9B92-89C82252AC58}.Staging|Any CPU.ActiveCfg = Staging|Any CPU
		{32993107-0FB5-498B-9B92-89C82252AC58}.Staging|Any CPU.Build.0 = Staging|Any CPU
		{32993107-0FB5-498B-9B92-89C82252AC58}.Staging|x64.ActiveCfg = Staging|x64
		{32993107-0FB5-498B-9B92-89C82252AC58}.Staging|x64.Build.0 = Staging|x64
		{69E79F7E-D18D-4E0F-BF94-DFB68ED98CA3}.Debug|Any CPU.ActiveCfg = Debug|Any CPU
		{69E79F7E-D18D-4E0F-BF94-DFB68ED98CA3}.Debug|Any CPU.Build.0 = Debug|Any CPU
		{69E79F7E-D18D-4E0F-BF94-DFB68ED98CA3}.Debug|x64.ActiveCfg = Debug|x64
		{69E79F7E-D18D-4E0F-BF94-DFB68ED98CA3}.Debug|x64.Build.0 = Debug|x64
		{69E79F7E-D18D-4E0F-BF94-DFB68ED98CA3}.Develope|Any CPU.ActiveCfg = Develope|Any CPU
		{69E79F7E-D18D-4E0F-BF94-DFB68ED98CA3}.Develope|Any CPU.Build.0 = Develope|Any CPU
		{69E79F7E-D18D-4E0F-BF94-DFB68ED98CA3}.Develope|x64.ActiveCfg = Develope|x64
		{69E79F7E-D18D-4E0F-BF94-DFB68ED98CA3}.Develope|x64.Build.0 = Develope|x64
		{69E79F7E-D18D-4E0F-BF94-DFB68ED98CA3}.Release|Any CPU.ActiveCfg = Release|Any CPU
		{69E79F7E-D18D-4E0F-BF94-DFB68ED98CA3}.Release|Any CPU.Build.0 = Release|Any CPU
		{69E79F7E-D18D-4E0F-BF94-DFB68ED98CA3}.Release|x64.ActiveCfg = Release|x64
		{69E79F7E-D18D-4E0F-BF94-DFB68ED98CA3}.Release|x64.Build.0 = Release|x64
		{69E79F7E-D18D-4E0F-BF94-DFB68ED98CA3}.Staging|Any CPU.ActiveCfg = Staging|Any CPU
		{69E79F7E-D18D-4E0F-BF94-DFB68ED98CA3}.Staging|Any CPU.Build.0 = Staging|Any CPU
		{69E79F7E-D18D-4E0F-BF94-DFB68ED98CA3}.Staging|x64.ActiveCfg = Staging|x64
		{69E79F7E-D18D-4E0F-BF94-DFB68ED98CA3}.Staging|x64.Build.0 = Staging|x64
		{7F492BEB-7D74-4842-AC3F-482C24867924}.Debug|Any CPU.ActiveCfg = Debug|Any CPU
		{7F492BEB-7D74-4842-AC3F-482C24867924}.Debug|Any CPU.Build.0 = Debug|Any CPU
		{7F492BEB-7D74-4842-AC3F-482C24867924}.Debug|x64.ActiveCfg = Debug|x64
		{7F492BEB-7D74-4842-AC3F-482C24867924}.Debug|x64.Build.0 = Debug|x64
		{7F492BEB-7D74-4842-AC3F-482C24867924}.Develope|Any CPU.ActiveCfg = Develope|Any CPU
		{7F492BEB-7D74-4842-AC3F-482C24867924}.Develope|Any CPU.Build.0 = Develope|Any CPU
		{7F492BEB-7D74-4842-AC3F-482C24867924}.Develope|x64.ActiveCfg = Develope|x64
		{7F492BEB-7D74-4842-AC3F-482C24867924}.Develope|x64.Build.0 = Develope|x64
		{7F492BEB-7D74-4842-AC3F-482C24867924}.Release|Any CPU.ActiveCfg = Release|Any CPU
		{7F492BEB-7D74-4842-AC3F-482C24867924}.Release|Any CPU.Build.0 = Release|Any CPU
		{7F492BEB-7D74-4842-AC3F-482C24867924}.Release|x64.ActiveCfg = Release|x64
		{7F492BEB-7D74-4842-AC3F-482C24867924}.Release|x64.Build.0 = Release|x64
		{7F492BEB-7D74-4842-AC3F-482C24867924}.Staging|Any CPU.ActiveCfg = Staging|Any CPU
		{7F492BEB-7D74-4842-AC3F-482C24867924}.Staging|Any CPU.Build.0 = Staging|Any CPU
		{7F492BEB-7D74-4842-AC3F-482C24867924}.Staging|x64.ActiveCfg = Staging|x64
		{7F492BEB-7D74-4842-AC3F-482C24867924}.Staging|x64.Build.0 = Staging|x64
	EndGlobalSection
	GlobalSection(SolutionProperties) = preSolution
		HideSolutionNode = FALSE
	EndGlobalSection
	GlobalSection(ExtensibilityGlobals) = postSolution
		SolutionGuid = {A7C255E9-418E-4775-9865-F6B7C7FE3EA3}
	EndGlobalSection
EndGlobal
